
Microsoft Visual Studio Solution File, Format Version 12.00
# Visual Studio Version 17
VisualStudioVersion = 17.0.31903.59
MinimumVisualStudioVersion = 10.0.40219.1
Project("{FAE04EC0-301F-11D3-BF4B-00C04F79EFBC}") = "Blog", "Blog.csproj", "{C49CE93B-B680-4F1F-8EDA-1A981B0288F5}"
EndProject
Global
	GlobalSection(SolutionConfigurationPlatforms) = preSolution
		Debug|Any CPU = Debug|Any CPU
		Release|Any CPU = Release|Any CPU
	EndGlobalSection
	GlobalSection(ProjectConfigurationPlatforms) = postSolution
		{C49CE93B-B680-4F1F-8EDA-1A981B0288F5}.Debug|Any CPU.ActiveCfg = Debug|Any CPU
		{C49CE93B-B680-4F1F-8EDA-1A981B0288F5}.Debug|Any CPU.Build.0 = Debug|Any CPU
		{C49CE93B-B680-4F1F-8EDA-1A981B0288F5}.Release|Any CPU.ActiveCfg = Release|Any CPU
		{C49CE93B-B680-4F1F-8EDA-1A981B0288F5}.Release|Any CPU.Build.0 = Release|Any CPU
	EndGlobalSection
	GlobalSection(SolutionProperties) = preSolution
		HideSolutionNode = FALSE
	EndGlobalSection
	GlobalSection(ExtensibilityGlobals) = postSolution
		SolutionGuid = {0E45B1F9-298F-4F5E-93C0-2578CC87463D}
	EndGlobalSection
EndGlobal
